
Microsoft Visual Studio Solution File, Format Version 12.00
# Visual Studio Version 17
VisualStudioVersion = 17.4.33205.214
MinimumVisualStudioVersion = 10.0.40219.1
Project("{9A19103F-16F7-4668-BE54-9A1E7A4F7556}") = "Object-Detection-yolov7-ML.NET", "Object-Detection-yolov7-ML.NET.csproj", "{99E0DEA8-9340-4788-BA05-29B31C48D7E3}"
EndProject
Global
	GlobalSection(SolutionConfigurationPlatforms) = preSolution
		Debug|Any CPU = Debug|Any CPU
		Release|Any CPU = Release|Any CPU
	EndGlobalSection
	GlobalSection(ProjectConfigurationPlatforms) = postSolution
		{99E0DEA8-9340-4788-BA05-29B31C48D7E3}.Debug|Any CPU.ActiveCfg = Release|Any CPU
		{99E0DEA8-9340-4788-BA05-29B31C48D7E3}.Debug|Any CPU.Build.0 = Release|Any CPU
		{99E0DEA8-9340-4788-BA05-29B31C48D7E3}.Release|Any CPU.ActiveCfg = Release|Any CPU
		{99E0DEA8-9340-4788-BA05-29B31C48D7E3}.Release|Any CPU.Build.0 = Release|Any CPU
	EndGlobalSection
	GlobalSection(SolutionProperties) = preSolution
		HideSolutionNode = FALSE
	EndGlobalSection
	GlobalSection(ExtensibilityGlobals) = postSolution
		SolutionGuid = {F4ABDD08-5051-4437-9D80-7C115E49AF13}
	EndGlobalSection
EndGlobal
